
Microsoft Visual Studio Solution File, Format Version 12.00
# Visual Studio 15
VisualStudioVersion = 15.0.28010.2026
MinimumVisualStudioVersion = 10.0.40219.1
Project("{FAE04EC0-301F-11D3-BF4B-00C04F79EFBC}") = "BookingQuest", "BookingQuest\BookingQuest.csproj", "{A98B3C64-A5D6-4977-A435-A8A336DA1957}"
EndProject
Project("{FAE04EC0-301F-11D3-BF4B-00C04F79EFBC}") = "BookingQuest.Test", "BookingQuest.Test\BookingQuest.Test.csproj", "{1C2A57B2-10BB-4566-AA1F-1B18E4070F80}"
EndProject
Global
	GlobalSection(SolutionConfigurationPlatforms) = preSolution
		Debug|Any CPU = Debug|Any CPU
		Release|Any CPU = Release|Any CPU
	EndGlobalSection
	GlobalSection(ProjectConfigurationPlatforms) = postSolution
		{A98B3C64-A5D6-4977-A435-A8A336DA1957}.Debug|Any CPU.ActiveCfg = Debug|Any CPU
		{A98B3C64-A5D6-4977-A435-A8A336DA1957}.Debug|Any CPU.Build.0 = Debug|Any CPU
		{A98B3C64-A5D6-4977-A435-A8A336DA1957}.Release|Any CPU.ActiveCfg = Release|Any CPU
		{A98B3C64-A5D6-4977-A435-A8A336DA1957}.Release|Any CPU.Build.0 = Release|Any CPU
		{1C2A57B2-10BB-4566-AA1F-1B18E4070F80}.Debug|Any CPU.ActiveCfg = Debug|Any CPU
		{1C2A57B2-10BB-4566-AA1F-1B18E4070F80}.Debug|Any CPU.Build.0 = Debug|Any CPU
		{1C2A57B2-10BB-4566-AA1F-1B18E4070F80}.Release|Any CPU.ActiveCfg = Release|Any CPU
		{1C2A57B2-10BB-4566-AA1F-1B18E4070F80}.Release|Any CPU.Build.0 = Release|Any CPU
	EndGlobalSection
	GlobalSection(SolutionProperties) = preSolution
		HideSolutionNode = FALSE
	EndGlobalSection
	GlobalSection(ExtensibilityGlobals) = postSolution
		SolutionGuid = {27EA688C-FCE4-4E84-BAA3-3ABA18DDBE01}
	EndGlobalSection
EndGlobal
